
Microsoft Visual Studio Solution File, Format Version 12.00
# Visual Studio Version 17
VisualStudioVersion = 17.3.32819.101
MinimumVisualStudioVersion = 10.0.40219.1
Project("{FAE04EC0-301F-11D3-BF4B-00C04F79EFBC}") = "MediaBackup", "MediaBackup\MediaBackup.csproj", "{D2ACF303-7C67-4526-A4A6-10D9BA5D5408}"
EndProject
Global
	GlobalSection(SolutionConfigurationPlatforms) = preSolution
		Debug|Any CPU = Debug|Any CPU
		Release|Any CPU = Release|Any CPU
	EndGlobalSection
	GlobalSection(ProjectConfigurationPlatforms) = postSolution
		{D2ACF303-7C67-4526-A4A6-10D9BA5D5408}.Debug|Any CPU.ActiveCfg = Debug|Any CPU
		{D2ACF303-7C67-4526-A4A6-10D9BA5D5408}.Debug|Any CPU.Build.0 = Debug|Any CPU
		{D2ACF303-7C67-4526-A4A6-10D9BA5D5408}.Release|Any CPU.ActiveCfg = Release|Any CPU
		{D2ACF303-7C67-4526-A4A6-10D9BA5D5408}.Release|Any CPU.Build.0 = Release|Any CPU
	EndGlobalSection
	GlobalSection(SolutionProperties) = preSolution
		HideSolutionNode = FALSE
	EndGlobalSection
	GlobalSection(ExtensibilityGlobals) = postSolution
		SolutionGuid = {9F2567DC-EB98-45FA-9E0B-D64D80885F86}
	EndGlobalSection
EndGlobal
